
Microsoft Visual Studio Solution File, Format Version 12.00
# Visual Studio 15
VisualStudioVersion = 15.0.28307.1401
MinimumVisualStudioVersion = 10.0.40219.1
Project("{FAE04EC0-301F-11D3-BF4B-00C04F79EFBC}") = "SistemaSeries", "SistemaSeries\SistemaSeries.csproj", "{F645305D-7799-4B66-9F4F-905DBF9D0D56}"
EndProject
Global
	GlobalSection(SolutionConfigurationPlatforms) = preSolution
		Debug|Any CPU = Debug|Any CPU
		Release|Any CPU = Release|Any CPU
	EndGlobalSection
	GlobalSection(ProjectConfigurationPlatforms) = postSolution
		{F645305D-7799-4B66-9F4F-905DBF9D0D56}.Debug|Any CPU.ActiveCfg = Debug|Any CPU
		{F645305D-7799-4B66-9F4F-905DBF9D0D56}.Debug|Any CPU.Build.0 = Debug|Any CPU
		{F645305D-7799-4B66-9F4F-905DBF9D0D56}.Release|Any CPU.ActiveCfg = Release|Any CPU
		{F645305D-7799-4B66-9F4F-905DBF9D0D56}.Release|Any CPU.Build.0 = Release|Any CPU
	EndGlobalSection
	GlobalSection(SolutionProperties) = preSolution
		HideSolutionNode = FALSE
	EndGlobalSection
	GlobalSection(ExtensibilityGlobals) = postSolution
		SolutionGuid = {D2E02AB0-60E4-49B9-88FA-FBC860CA778C}
	EndGlobalSection
EndGlobal
